
Microsoft Visual Studio Solution File, Format Version 12.00
# Visual Studio Version 16
VisualStudioVersion = 16.0.29306.81
MinimumVisualStudioVersion = 10.0.40219.1
Project("{FAE04EC0-301F-11D3-BF4B-00C04F79EFBC}") = "SystemTime.Android", "SystemTime.Android\SystemTime.Android.csproj", "{F15B2622-6D21-43FB-9C7A-48B191C97CD4}"
EndProject
Project("{FAE04EC0-301F-11D3-BF4B-00C04F79EFBC}") = "SystemTime", "SystemTime\SystemTime.csproj", "{36ED18A6-0871-4397-A093-9D0CE9EE95A1}"
EndProject
Global
	GlobalSection(SolutionConfigurationPlatforms) = preSolution
		Debug|Any CPU = Debug|Any CPU
		Release|Any CPU = Release|Any CPU
	EndGlobalSection
	GlobalSection(ProjectConfigurationPlatforms) = postSolution
		{F15B2622-6D21-43FB-9C7A-48B191C97CD4}.Debug|Any CPU.ActiveCfg = Debug|Any CPU
		{F15B2622-6D21-43FB-9C7A-48B191C97CD4}.Debug|Any CPU.Build.0 = Debug|Any CPU
		{F15B2622-6D21-43FB-9C7A-48B191C97CD4}.Debug|Any CPU.Deploy.0 = Debug|Any CPU
		{F15B2622-6D21-43FB-9C7A-48B191C97CD4}.Release|Any CPU.ActiveCfg = Release|Any CPU
		{F15B2622-6D21-43FB-9C7A-48B191C97CD4}.Release|Any CPU.Build.0 = Release|Any CPU
		{F15B2622-6D21-43FB-9C7A-48B191C97CD4}.Release|Any CPU.Deploy.0 = Release|Any CPU
		{36ED18A6-0871-4397-A093-9D0CE9EE95A1}.Debug|Any CPU.ActiveCfg = Debug|Any CPU
		{36ED18A6-0871-4397-A093-9D0CE9EE95A1}.Debug|Any CPU.Build.0 = Debug|Any CPU
		{36ED18A6-0871-4397-A093-9D0CE9EE95A1}.Debug|Any CPU.Deploy.0 = Debug|Any CPU
		{36ED18A6-0871-4397-A093-9D0CE9EE95A1}.Release|Any CPU.ActiveCfg = Release|Any CPU
		{36ED18A6-0871-4397-A093-9D0CE9EE95A1}.Release|Any CPU.Build.0 = Release|Any CPU
		{36ED18A6-0871-4397-A093-9D0CE9EE95A1}.Release|Any CPU.Deploy.0 = Release|Any CPU
	EndGlobalSection
	GlobalSection(SolutionProperties) = preSolution
		HideSolutionNode = FALSE
	EndGlobalSection
	GlobalSection(ExtensibilityGlobals) = postSolution
		SolutionGuid = {528EA5BE-5311-4B77-9171-C2D1894B4097}
	EndGlobalSection
EndGlobal
